// !$*UTF8*$!
{
	archiveVersion = 1;
	classes = {
	};
	objectVersion = 56;
	objects = {
/* Note: This is a placeholder file. 
   To use this project:
   1. Create a new Xcode project (File → New → Project → App)
   2. Name it "TurkicCore"
   3. Select SwiftUI, Swift, and SwiftData
   4. Copy all .swift files from TurkicCore/ folder
   5. Add words.json to Resources
   
   The actual .xcodeproj should be generated by Xcode.
*/
	};
	rootObject = "/* PLACEHOLDER */";
}
